
Microsoft Visual Studio Solution File, Format Version 12.00
# Visual Studio 15
VisualStudioVersion = 15.0.26430.15
MinimumVisualStudioVersion = 10.0.40219.1
Project("{FAE04EC0-301F-11D3-BF4B-00C04F79EFBC}") = "scoreboard", "scoreboard\scoreboard.csproj", "{CFCF2691-AC13-4F7E-9FFB-EEBB409B2F0C}"
EndProject
Global
	GlobalSection(SolutionConfigurationPlatforms) = preSolution
		Debug|Any CPU = Debug|Any CPU
		Release|Any CPU = Release|Any CPU
	EndGlobalSection
	GlobalSection(ProjectConfigurationPlatforms) = postSolution
		{CFCF2691-AC13-4F7E-9FFB-EEBB409B2F0C}.Debug|Any CPU.ActiveCfg = Debug|Any CPU
		{CFCF2691-AC13-4F7E-9FFB-EEBB409B2F0C}.Debug|Any CPU.Build.0 = Debug|Any CPU
		{CFCF2691-AC13-4F7E-9FFB-EEBB409B2F0C}.Release|Any CPU.ActiveCfg = Release|Any CPU
		{CFCF2691-AC13-4F7E-9FFB-EEBB409B2F0C}.Release|Any CPU.Build.0 = Release|Any CPU
	EndGlobalSection
	GlobalSection(SolutionProperties) = preSolution
		HideSolutionNode = FALSE
	EndGlobalSection
EndGlobal
